
Microsoft Visual Studio Solution File, Format Version 12.00
# Visual Studio Version 17
VisualStudioVersion = 17.5.002.0
MinimumVisualStudioVersion = 10.0.40219.1
Project("{9A19103F-16F7-4668-BE54-9A1E7A4F7556}") = "practica7-AlexisDiaz299", "practica7-AlexisDiaz299.csproj", "{B2A922F5-D29C-49DA-AD53-186E872D4BE3}"
EndProject
Global
	GlobalSection(SolutionConfigurationPlatforms) = preSolution
		Debug|Any CPU = Debug|Any CPU
		Release|Any CPU = Release|Any CPU
	EndGlobalSection
	GlobalSection(ProjectConfigurationPlatforms) = postSolution
		{B2A922F5-D29C-49DA-AD53-186E872D4BE3}.Debug|Any CPU.ActiveCfg = Debug|Any CPU
		{B2A922F5-D29C-49DA-AD53-186E872D4BE3}.Debug|Any CPU.Build.0 = Debug|Any CPU
		{B2A922F5-D29C-49DA-AD53-186E872D4BE3}.Release|Any CPU.ActiveCfg = Release|Any CPU
		{B2A922F5-D29C-49DA-AD53-186E872D4BE3}.Release|Any CPU.Build.0 = Release|Any CPU
	EndGlobalSection
	GlobalSection(SolutionProperties) = preSolution
		HideSolutionNode = FALSE
	EndGlobalSection
	GlobalSection(ExtensibilityGlobals) = postSolution
		SolutionGuid = {22B652D5-F45B-4390-9499-2AD81F7D8297}
	EndGlobalSection
EndGlobal
